
Microsoft Visual Studio Solution File, Format Version 12.00
# Visual Studio Version 17
VisualStudioVersion = 17.4.33122.133
MinimumVisualStudioVersion = 10.0.40219.1
Project("{FAE04EC0-301F-11D3-BF4B-00C04F79EFBC}") = "AirlineDataBase", "AirlineDataBase.csproj", "{BA540FDA-49A6-4B2F-9C03-376BCDCDCDF2}"
EndProject
Global
	GlobalSection(SolutionConfigurationPlatforms) = preSolution
		Debug|Any CPU = Debug|Any CPU
		Debug|x64 = Debug|x64
		Release|Any CPU = Release|Any CPU
		Release|x64 = Release|x64
	EndGlobalSection
	GlobalSection(ProjectConfigurationPlatforms) = postSolution
		{BA540FDA-49A6-4B2F-9C03-376BCDCDCDF2}.Debug|Any CPU.ActiveCfg = Debug|Any CPU
		{BA540FDA-49A6-4B2F-9C03-376BCDCDCDF2}.Debug|Any CPU.Build.0 = Debug|Any CPU
		{BA540FDA-49A6-4B2F-9C03-376BCDCDCDF2}.Debug|x64.ActiveCfg = Debug|x64
		{BA540FDA-49A6-4B2F-9C03-376BCDCDCDF2}.Debug|x64.Build.0 = Debug|x64
		{BA540FDA-49A6-4B2F-9C03-376BCDCDCDF2}.Release|Any CPU.ActiveCfg = Release|Any CPU
		{BA540FDA-49A6-4B2F-9C03-376BCDCDCDF2}.Release|Any CPU.Build.0 = Release|Any CPU
		{BA540FDA-49A6-4B2F-9C03-376BCDCDCDF2}.Release|x64.ActiveCfg = Release|x64
		{BA540FDA-49A6-4B2F-9C03-376BCDCDCDF2}.Release|x64.Build.0 = Release|x64
	EndGlobalSection
	GlobalSection(SolutionProperties) = preSolution
		HideSolutionNode = FALSE
	EndGlobalSection
	GlobalSection(ExtensibilityGlobals) = postSolution
		SolutionGuid = {A4249756-4D43-4F44-9059-773F1C0C1485}
	EndGlobalSection
EndGlobal
